// !$*UTF8*$!
{
	archiveVersion = 1;
	classes = {
	};
	objectVersion = 50;
	objects = {

/* Begin PBXBuildFile section */
		D4298068225FD1C900C6F410 /* AppDelegate.swift in Sources */ = {isa = PBXBuildFile; fileRef = D4298067225FD1C900C6F410 /* AppDelegate.swift */; };
		D429806A225FD1C900C6F410 /* ViewController.swift in Sources */ = {isa = PBXBuildFile; fileRef = D4298069225FD1C900C6F410 /* ViewController.swift */; };
		D429806D225FD1C900C6F410 /* Main.storyboard in Resources */ = {isa = PBXBuildFile; fileRef = D429806B225FD1C900C6F410 /* Main.storyboard */; };
		D429806F225FD1CA00C6F410 /* Assets.xcassets in Resources */ = {isa = PBXBuildFile; fileRef = D429806E225FD1CA00C6F410 /* Assets.xcassets */; };
		D4298072225FD1CA00C6F410 /* LaunchScreen.storyboard in Resources */ = {isa = PBXBuildFile; fileRef = D4298070225FD1CA00C6F410 /* LaunchScreen.storyboard */; };
		D4298080225FD32D00C6F410 /* Media.xcassets in Resources */ = {isa = PBXBuildFile; fileRef = D429807F225FD32D00C6F410 /* Media.xcassets */; };
		D4298082225FD32D00C6F410 /* ActionViewController.swift in Sources */ = {isa = PBXBuildFile; fileRef = D4298081225FD32D00C6F410 /* ActionViewController.swift */; };
		D4298085225FD32D00C6F410 /* MainInterface.storyboard in Resources */ = {isa = PBXBuildFile; fileRef = D4298083225FD32D00C6F410 /* MainInterface.storyboard */; };
		D4298089225FD32D00C6F410 /* Extension.appex in Embed App Extensions */ = {isa = PBXBuildFile; fileRef = D429807D225FD32D00C6F410 /* Extension.appex */; settings = {ATTRIBUTES = (RemoveHeadersOnCopy, ); }; };
		D429808F225FD61800C6F410 /* Action.js in Resources */ = {isa = PBXBuildFile; fileRef = D429808E225FD61800C6F410 /* Action.js */; };
/* End PBXBuildFile section */

/* Begin PBXContainerItemProxy section */
		D4298087225FD32D00C6F410 /* PBXContainerItemProxy */ = {
			isa = PBXContainerItemProxy;
			containerPortal = D429805C225FD1C900C6F410 /* Project object */;
			proxyType = 1;
			remoteGlobalIDString = D429807C225FD32D00C6F410;
			remoteInfo = Extension;
		};
/* End PBXContainerItemProxy section */

/* Begin PBXCopyFilesBuildPhase section */
		D429808D225FD32D00C6F410 /* Embed App Extensions */ = {
			isa = PBXCopyFilesBuildPhase;
			buildActionMask = 2147483647;
			dstPath = "";
			dstSubfolderSpec = 13;
			files = (
				D4298089225FD32D00C6F410 /* Extension.appex in Embed App Extensions */,
			);
			name = "Embed App Extensions";
			runOnlyForDeploymentPostprocessing = 0;
		};
/* End PBXCopyFilesBuildPhase section */

/* Begin PBXFileReference section */
		D4298064225FD1C900C6F410 /* Project19.app */ = {isa = PBXFileReference; explicitFileType = wrapper.application; includeInIndex = 0; path = Project19.app; sourceTree = BUILT_PRODUCTS_DIR; };
		D4298067225FD1C900C6F410 /* AppDelegate.swift */ = {isa = PBXFileReference; lastKnownFileType = sourcecode.swift; path = AppDelegate.swift; sourceTree = "<group>"; };
		D4298069225FD1C900C6F410 /* ViewController.swift */ = {isa = PBXFileReference; lastKnownFileType = sourcecode.swift; path = ViewController.swift; sourceTree = "<group>"; };
		D429806C225FD1C900C6F410 /* Base */ = {isa = PBXFileReference; lastKnownFileType = file.storyboard; name = Base; path = Base.lproj/Main.storyboard; sourceTree = "<group>"; };
		D429806E225FD1CA00C6F410 /* Assets.xcassets */ = {isa = PBXFileReference; lastKnownFileType = folder.assetcatalog; path = Assets.xcassets; sourceTree = "<group>"; };
		D4298071225FD1CA00C6F410 /* Base */ = {isa = PBXFileReference; lastKnownFileType = file.storyboard; name = Base; path = Base.lproj/LaunchScreen.storyboard; sourceTree = "<group>"; };
		D4298073225FD1CA00C6F410 /* Info.plist */ = {isa = PBXFileReference; lastKnownFileType = text.plist.xml; path = Info.plist; sourceTree = "<group>"; };
		D429807D225FD32D00C6F410 /* Extension.appex */ = {isa = PBXFileReference; explicitFileType = "wrapper.app-extension"; includeInIndex = 0; path = Extension.appex; sourceTree = BUILT_PRODUCTS_DIR; };
		D429807F225FD32D00C6F410 /* Media.xcassets */ = {isa = PBXFileReference; lastKnownFileType = folder.assetcatalog; path = Media.xcassets; sourceTree = "<group>"; };
		D4298081225FD32D00C6F410 /* ActionViewController.swift */ = {isa = PBXFileReference; lastKnownFileType = sourcecode.swift; path = ActionViewController.swift; sourceTree = "<group>"; };
		D4298084225FD32D00C6F410 /* Base */ = {isa = PBXFileReference; lastKnownFileType = file.storyboard; name = Base; path = Base.lproj/MainInterface.storyboard; sourceTree = "<group>"; };
		D4298086225FD32D00C6F410 /* Info.plist */ = {isa = PBXFileReference; lastKnownFileType = text.plist.xml; path = Info.plist; sourceTree = "<group>"; };
		D429808E225FD61800C6F410 /* Action.js */ = {isa = PBXFileReference; lastKnownFileType = sourcecode.javascript; path = Action.js; sourceTree = "<group>"; };
/* End PBXFileReference section */

/* Begin PBXFrameworksBuildPhase section */
		D4298061225FD1C900C6F410 /* Frameworks */ = {
			isa = PBXFrameworksBuildPhase;
			buildActionMask = 2147483647;
			files = (
			);
			runOnlyForDeploymentPostprocessing = 0;
		};
		D429807A225FD32D00C6F410 /* Frameworks */ = {
			isa = PBXFrameworksBuildPhase;
			buildActionMask = 2147483647;
			files = (
			);
			runOnlyForDeploymentPostprocessing = 0;
		};
/* End PBXFrameworksBuildPhase section */

/* Begin PBXGroup section */
		D429805B225FD1C900C6F410 = {
			isa = PBXGroup;
			children = (
				D4298066225FD1C900C6F410 /* Project19 */,
				D429807E225FD32D00C6F410 /* Extension */,
				D4298065225FD1C900C6F410 /* Products */,
			);
			sourceTree = "<group>";
		};
		D4298065225FD1C900C6F410 /* Products */ = {
			isa = PBXGroup;
			children = (
				D4298064225FD1C900C6F410 /* Project19.app */,
				D429807D225FD32D00C6F410 /* Extension.appex */,
			);
			name = Products;
			sourceTree = "<group>";
		};
		D4298066225FD1C900C6F410 /* Project19 */ = {
			isa = PBXGroup;
			children = (
				D4298067225FD1C900C6F410 /* AppDelegate.swift */,
				D4298069225FD1C900C6F410 /* ViewController.swift */,
				D429806B225FD1C900C6F410 /* Main.storyboard */,
				D429806E225FD1CA00C6F410 /* Assets.xcassets */,
				D4298070225FD1CA00C6F410 /* LaunchScreen.storyboard */,
				D4298073225FD1CA00C6F410 /* Info.plist */,
			);
			path = Project19;
			sourceTree = "<group>";
		};
		D429807E225FD32D00C6F410 /* Extension */ = {
			isa = PBXGroup;
			children = (
				D429807F225FD32D00C6F410 /* Media.xcassets */,
				D4298081225FD32D00C6F410 /* ActionViewController.swift */,
				D4298083225FD32D00C6F410 /* MainInterface.storyboard */,
				D4298086225FD32D00C6F410 /* Info.plist */,
				D429808E225FD61800C6F410 /* Action.js */,
			);
			path = Extension;
			sourceTree = "<group>";
		};
/* End PBXGroup section */

/* Begin PBXNativeTarget section */
		D4298063225FD1C900C6F410 /* Project19 */ = {
			isa = PBXNativeTarget;
			buildConfigurationList = D4298076225FD1CA00C6F410 /* Build configuration list for PBXNativeTarget "Project19" */;
			buildPhases = (
				D4298060225FD1C900C6F410 /* Sources */,
				D4298061225FD1C900C6F410 /* Frameworks */,
				D4298062225FD1C900C6F410 /* Resources */,
				D429808D225FD32D00C6F410 /* Embed App Extensions */,
			);
			buildRules = (
			);
			dependencies = (
				D4298088225FD32D00C6F410 /* PBXTargetDependency */,
			);
			name = Project19;
			productName = Project19;
			productReference = D4298064225FD1C900C6F410 /* Project19.app */;
			productType = "com.apple.product-type.application";
		};
		D429807C225FD32D00C6F410 /* Extension */ = {
			isa = PBXNativeTarget;
			buildConfigurationList = D429808A225FD32D00C6F410 /* Build configuration list for PBXNativeTarget "Extension" */;
			buildPhases = (
				D4298079225FD32D00C6F410 /* Sources */,
				D429807A225FD32D00C6F410 /* Frameworks */,
				D429807B225FD32D00C6F410 /* Resources */,
			);
			buildRules = (
			);
			dependencies = (
			);
			name = Extension;
			productName = Extension;
			productReference = D429807D225FD32D00C6F410 /* Extension.appex */;
			productType = "com.apple.product-type.app-extension";
		};
/* End PBXNativeTarget section */

/* Begin PBXProject section */
		D429805C225FD1C900C6F410 /* Project object */ = {
			isa = PBXProject;
			attributes = {
				LastSwiftUpdateCheck = 1010;
				LastUpgradeCheck = 1010;
				ORGANIZATIONNAME = "PawanShivHari inc";
				TargetAttributes = {
					D4298063225FD1C900C6F410 = {
						CreatedOnToolsVersion = 10.1;
					};
					D429807C225FD32D00C6F410 = {
						CreatedOnToolsVersion = 10.1;
					};
				};
			};
			buildConfigurationList = D429805F225FD1C900C6F410 /* Build configuration list for PBXProject "Project19" */;
			compatibilityVersion = "Xcode 9.3";
			developmentRegion = en;
			hasScannedForEncodings = 0;
			knownRegions = (
				en,
				Base,
			);
			mainGroup = D429805B225FD1C900C6F410;
			productRefGroup = D4298065225FD1C900C6F410 /* Products */;
			projectDirPath = "";
			projectRoot = "";
			targets = (
				D4298063225FD1C900C6F410 /* Project19 */,
				D429807C225FD32D00C6F410 /* Extension */,
			);
		};
/* End PBXProject section */

/* Begin PBXResourcesBuildPhase section */
		D4298062225FD1C900C6F410 /* Resources */ = {
			isa = PBXResourcesBuildPhase;
			buildActionMask = 2147483647;
			files = (
				D4298072225FD1CA00C6F410 /* LaunchScreen.storyboard in Resources */,
				D429806F225FD1CA00C6F410 /* Assets.xcassets in Resources */,
				D429806D225FD1C900C6F410 /* Main.storyboard in Resources */,
			);
			runOnlyForDeploymentPostprocessing = 0;
		};
		D429807B225FD32D00C6F410 /* Resources */ = {
			isa = PBXResourcesBuildPhase;
			buildActionMask = 2147483647;
			files = (
				D429808F225FD61800C6F410 /* Action.js in Resources */,
				D4298080225FD32D00C6F410 /* Media.xcassets in Resources */,
				D4298085225FD32D00C6F410 /* MainInterface.storyboard in Resources */,
			);
			runOnlyForDeploymentPostprocessing = 0;
		};
/* End PBXResourcesBuildPhase section */

/* Begin PBXSourcesBuildPhase section */
		D4298060225FD1C900C6F410 /* Sources */ = {
			isa = PBXSourcesBuildPhase;
			buildActionMask = 2147483647;
			files = (
				D429806A225FD1C900C6F410 /* ViewController.swift in Sources */,
				D4298068225FD1C900C6F410 /* AppDelegate.swift in Sources */,
			);
			runOnlyForDeploymentPostprocessing = 0;
		};
		D4298079225FD32D00C6F410 /* Sources */ = {
			isa = PBXSourcesBuildPhase;
			buildActionMask = 2147483647;
			files = (
				D4298082225FD32D00C6F410 /* ActionViewController.swift in Sources */,
			);
			runOnlyForDeploymentPostprocessing = 0;
		};
/* End PBXSourcesBuildPhase section */

/* Begin PBXTargetDependency section */
		D4298088225FD32D00C6F410 /* PBXTargetDependency */ = {
			isa = PBXTargetDependency;
			target = D429807C225FD32D00C6F410 /* Extension */;
			targetProxy = D4298087225FD32D00C6F410 /* PBXContainerItemProxy */;
		};
/* End PBXTargetDependency section */

/* Begin PBXVariantGroup section */
		D429806B225FD1C900C6F410 /* Main.storyboard */ = {
			isa = PBXVariantGroup;
			children = (
				D429806C225FD1C900C6F410 /* Base */,
			);
			name = Main.storyboard;
			sourceTree = "<group>";
		};
		D4298070225FD1CA00C6F410 /* LaunchScreen.storyboard */ = {
			isa = PBXVariantGroup;
			children = (
				D4298071225FD1CA00C6F410 /* Base */,
			);
			name = LaunchScreen.storyboard;
			sourceTree = "<group>";
		};
		D4298083225FD32D00C6F410 /* MainInterface.storyboard */ = {
			isa = PBXVariantGroup;
			children = (
				D4298084225FD32D00C6F410 /* Base */,
			);
			name = MainInterface.storyboard;
			sourceTree = "<group>";
		};
/* End PBXVariantGroup section */

/* Begin XCBuildConfiguration section */
		D4298074225FD1CA00C6F410 /* Debug */ = {
			isa = XCBuildConfiguration;
			buildSettings = {
				ALWAYS_SEARCH_USER_PATHS = NO;
				CLANG_ANALYZER_NONNULL = YES;
				CLANG_ANALYZER_NUMBER_OBJECT_CONVERSION = YES_AGGRESSIVE;
				CLANG_CXX_LANGUAGE_STANDARD = "gnu++14";
				CLANG_CXX_LIBRARY = "libc++";
				CLANG_ENABLE_MODULES = YES;
				CLANG_ENABLE_OBJC_ARC = YES;
				CLANG_ENABLE_OBJC_WEAK = YES;
				CLANG_WARN_BLOCK_CAPTURE_AUTORELEASING = YES;
				CLANG_WARN_BOOL_CONVERSION = YES;
				CLANG_WARN_COMMA = YES;
				CLANG_WARN_CONSTANT_CONVERSION = YES;
				CLANG_WARN_DEPRECATED_OBJC_IMPLEMENTATIONS = YES;
				CLANG_WARN_DIRECT_OBJC_ISA_USAGE = YES_ERROR;
				CLANG_WARN_DOCUMENTATION_COMMENTS = YES;
				CLANG_WARN_EMPTY_BODY = YES;
				CLANG_WARN_ENUM_CONVERSION = YES;
				CLANG_WARN_INFINITE_RECURSION = YES;
				CLANG_WARN_INT_CONVERSION = YES;
				CLANG_WARN_NON_LITERAL_NULL_CONVERSION = YES;
				CLANG_WARN_OBJC_IMPLICIT_RETAIN_SELF = YES;
				CLANG_WARN_OBJC_LITERAL_CONVERSION = YES;
				CLANG_WARN_OBJC_ROOT_CLASS = YES_ERROR;
				CLANG_WARN_RANGE_LOOP_ANALYSIS = YES;
				CLANG_WARN_STRICT_PROTOTYPES = YES;
				CLANG_WARN_SUSPICIOUS_MOVE = YES;
				CLANG_WARN_UNGUARDED_AVAILABILITY = YES_AGGRESSIVE;
				CLANG_WARN_UNREACHABLE_CODE = YES;
				CLANG_WARN__DUPLICATE_METHOD_MATCH = YES;
				CODE_SIGN_IDENTITY = "iPhone Developer";
				COPY_PHASE_STRIP = NO;
				DEBUG_INFORMATION_FORMAT = dwarf;
				ENABLE_STRICT_OBJC_MSGSEND = YES;
				ENABLE_TESTABILITY = YES;
				GCC_C_LANGUAGE_STANDARD = gnu11;
				GCC_DYNAMIC_NO_PIC = NO;
				GCC_NO_COMMON_BLOCKS = YES;
				GCC_OPTIMIZATION_LEVEL = 0;
				GCC_PREPROCESSOR_DEFINITIONS = (
					"DEBUG=1",
					"$(inherited)",
				);
				GCC_WARN_64_TO_32_BIT_CONVERSION = YES;
				GCC_WARN_ABOUT_RETURN_TYPE = YES_ERROR;
				GCC_WARN_UNDECLARED_SELECTOR = YES;
				GCC_WARN_UNINITIALIZED_AUTOS = YES_AGGRESSIVE;
				GCC_WARN_UNUSED_FUNCTION = YES;
				GCC_WARN_UNUSED_VARIABLE = YES;
				IPHONEOS_DEPLOYMENT_TARGET = 12.1;
				MTL_ENABLE_DEBUG_INFO = INCLUDE_SOURCE;
				MTL_FAST_MATH = YES;
				ONLY_ACTIVE_ARCH = YES;
				SDKROOT = iphoneos;
				SWIFT_ACTIVE_COMPILATION_CONDITIONS = DEBUG;
				SWIFT_OPTIMIZATION_LEVEL = "-Onone";
			};
			name = Debug;
		};
		D4298075225FD1CA00C6F410 /* Release */ = {
			isa = XCBuildConfiguration;
			buildSettings = {
				ALWAYS_SEARCH_USER_PATHS = NO;
				CLANG_ANALYZER_NONNULL = YES;
				CLANG_ANALYZER_NUMBER_OBJECT_CONVERSION = YES_AGGRESSIVE;
				CLANG_CXX_LANGUAGE_STANDARD = "gnu++14";
				CLANG_CXX_LIBRARY = "libc++";
				CLANG_ENABLE_MODULES = YES;
				CLANG_ENABLE_OBJC_ARC = YES;
				CLANG_ENABLE_OBJC_WEAK = YES;
				CLANG_WARN_BLOCK_CAPTURE_AUTORELEASING = YES;
				CLANG_WARN_BOOL_CONVERSION = YES;
				CLANG_WARN_COMMA = YES;
				CLANG_WARN_CONSTANT_CONVERSION = YES;
				CLANG_WARN_DEPRECATED_OBJC_IMPLEMENTATIONS = YES;
				CLANG_WARN_DIRECT_OBJC_ISA_USAGE = YES_ERROR;
				CLANG_WARN_DOCUMENTATION_COMMENTS = YES;
				CLANG_WARN_EMPTY_BODY = YES;
				CLANG_WARN_ENUM_CONVERSION = YES;
				CLANG_WARN_INFINITE_RECURSION = YES;
				CLANG_WARN_INT_CONVERSION = YES;
				CLANG_WARN_NON_LITERAL_NULL_CONVERSION = YES;
				CLANG_WARN_OBJC_IMPLICIT_RETAIN_SELF = YES;
				CLANG_WARN_OBJC_LITERAL_CONVERSION = YES;
				CLANG_WARN_OBJC_ROOT_CLASS = YES_ERROR;
				CLANG_WARN_RANGE_LOOP_ANALYSIS = YES;
				CLANG_WARN_STRICT_PROTOTYPES = YES;
				CLANG_WARN_SUSPICIOUS_MOVE = YES;
				CLANG_WARN_UNGUARDED_AVAILABILITY = YES_AGGRESSIVE;
				CLANG_WARN_UNREACHABLE_CODE = YES;
				CLANG_WARN__DUPLICATE_METHOD_MATCH = YES;
				CODE_SIGN_IDENTITY = "iPhone Developer";
				COPY_PHASE_STRIP = NO;
				DEBUG_INFORMATION_FORMAT = "dwarf-with-dsym";
				ENABLE_NS_ASSERTIONS = NO;
				ENABLE_STRICT_OBJC_MSGSEND = YES;
				GCC_C_LANGUAGE_STANDARD = gnu11;
				GCC_NO_COMMON_BLOCKS = YES;
				GCC_WARN_64_TO_32_BIT_CONVERSION = YES;
				GCC_WARN_ABOUT_RETURN_TYPE = YES_ERROR;
				GCC_WARN_UNDECLARED_SELECTOR = YES;
				GCC_WARN_UNINITIALIZED_AUTOS = YES_AGGRESSIVE;
				GCC_WARN_UNUSED_FUNCTION = YES;
				GCC_WARN_UNUSED_VARIABLE = YES;
				IPHONEOS_DEPLOYMENT_TARGET = 12.1;
				MTL_ENABLE_DEBUG_INFO = NO;
				MTL_FAST_MATH = YES;
				SDKROOT = iphoneos;
				SWIFT_COMPILATION_MODE = wholemodule;
				SWIFT_OPTIMIZATION_LEVEL = "-O";
				VALIDATE_PRODUCT = YES;
			};
			name = Release;
		};
		D4298077225FD1CA00C6F410 /* Debug */ = {
			isa = XCBuildConfiguration;
			buildSettings = {
				ALWAYS_EMBED_SWIFT_STANDARD_LIBRARIES = YES;
				ASSETCATALOG_COMPILER_APPICON_NAME = AppIcon;
				CODE_SIGN_STYLE = Automatic;
				DEVELOPMENT_TEAM = 8NP76R759R;
				INFOPLIST_FILE = Project19/Info.plist;
				LD_RUNPATH_SEARCH_PATHS = (
					"$(inherited)",
					"@executable_path/Frameworks",
				);
				PRODUCT_BUNDLE_IDENTIFIER = com.pawanshivhari.Project19;
				PRODUCT_NAME = "$(TARGET_NAME)";
				SWIFT_VERSION = 4.2;
				TARGETED_DEVICE_FAMILY = "1,2";
			};
			name = Debug;
		};
		D4298078225FD1CA00C6F410 /* Release */ = {
			isa = XCBuildConfiguration;
			buildSettings = {
				ALWAYS_EMBED_SWIFT_STANDARD_LIBRARIES = YES;
				ASSETCATALOG_COMPILER_APPICON_NAME = AppIcon;
				CODE_SIGN_STYLE = Automatic;
				DEVELOPMENT_TEAM = 8NP76R759R;
				INFOPLIST_FILE = Project19/Info.plist;
				LD_RUNPATH_SEARCH_PATHS = (
					"$(inherited)",
					"@executable_path/Frameworks",
				);
				PRODUCT_BUNDLE_IDENTIFIER = com.pawanshivhari.Project19;
				PRODUCT_NAME = "$(TARGET_NAME)";
				SWIFT_VERSION = 4.2;
				TARGETED_DEVICE_FAMILY = "1,2";
			};
			name = Release;
		};
		D429808B225FD32D00C6F410 /* Debug */ = {
			isa = XCBuildConfiguration;
			buildSettings = {
				CODE_SIGN_STYLE = Automatic;
				DEVELOPMENT_TEAM = 8NP76R759R;
				INFOPLIST_FILE = Extension/Info.plist;
				LD_RUNPATH_SEARCH_PATHS = (
					"$(inherited)",
					"@executable_path/Frameworks",
					"@executable_path/../../Frameworks",
				);
				PRODUCT_BUNDLE_IDENTIFIER = com.pawanshivhari.Project19.Extension;
				PRODUCT_NAME = "$(TARGET_NAME)";
				SKIP_INSTALL = YES;
				SWIFT_VERSION = 4.2;
				TARGETED_DEVICE_FAMILY = "1,2";
			};
			name = Debug;
		};
		D429808C225FD32D00C6F410 /* Release */ = {
			isa = XCBuildConfiguration;
			buildSettings = {
				CODE_SIGN_STYLE = Automatic;
				DEVELOPMENT_TEAM = 8NP76R759R;
				INFOPLIST_FILE = Extension/Info.plist;
				LD_RUNPATH_SEARCH_PATHS = (
					"$(inherited)",
					"@executable_path/Frameworks",
					"@executable_path/../../Frameworks",
				);
				PRODUCT_BUNDLE_IDENTIFIER = com.pawanshivhari.Project19.Extension;
				PRODUCT_NAME = "$(TARGET_NAME)";
				SKIP_INSTALL = YES;
				SWIFT_VERSION = 4.2;
				TARGETED_DEVICE_FAMILY = "1,2";
			};
			name = Release;
		};
/* End XCBuildConfiguration section */

/* Begin XCConfigurationList section */
		D429805F225FD1C900C6F410 /* Build configuration list for PBXProject "Project19" */ = {
			isa = XCConfigurationList;
			buildConfigurations = (
				D4298074225FD1CA00C6F410 /* Debug */,
				D4298075225FD1CA00C6F410 /* Release */,
			);
			defaultConfigurationIsVisible = 0;
			defaultConfigurationName = Release;
		};
		D4298076225FD1CA00C6F410 /* Build configuration list for PBXNativeTarget "Project19" */ = {
			isa = XCConfigurationList;
			buildConfigurations = (
				D4298077225FD1CA00C6F410 /* Debug */,
				D4298078225FD1CA00C6F410 /* Release */,
			);
			defaultConfigurationIsVisible = 0;
			defaultConfigurationName = Release;
		};
		D429808A225FD32D00C6F410 /* Build configuration list for PBXNativeTarget "Extension" */ = {
			isa = XCConfigurationList;
			buildConfigurations = (
				D429808B225FD32D00C6F410 /* Debug */,
				D429808C225FD32D00C6F410 /* Release */,
			);
			defaultConfigurationIsVisible = 0;
			defaultConfigurationName = Release;
		};
/* End XCConfigurationList section */
	};
	rootObject = D429805C225FD1C900C6F410 /* Project object */;
}
